// !$*UTF8*$!
{
	archiveVersion = 1;
	classes = {
	};
	objectVersion = 56;
	objects = {

/* Begin PBXBuildFile section */
		852DA28B29526714000DBB7A /* Cupcake_CornerApp.swift in Sources */ = {isa = PBXBuildFile; fileRef = 852DA28A29526714000DBB7A /* Cupcake_CornerApp.swift */; };
		852DA28D29526714000DBB7A /* ContentView.swift in Sources */ = {isa = PBXBuildFile; fileRef = 852DA28C29526714000DBB7A /* ContentView.swift */; };
		852DA28F29526716000DBB7A /* Assets.xcassets in Resources */ = {isa = PBXBuildFile; fileRef = 852DA28E29526716000DBB7A /* Assets.xcassets */; };
		852DA29329526716000DBB7A /* Preview Assets.xcassets in Resources */ = {isa = PBXBuildFile; fileRef = 852DA29229526716000DBB7A /* Preview Assets.xcassets */; };
		852DA29D29526716000DBB7A /* Cupcake_CornerTests.swift in Sources */ = {isa = PBXBuildFile; fileRef = 852DA29C29526716000DBB7A /* Cupcake_CornerTests.swift */; };
		852DA2A729526716000DBB7A /* Cupcake_CornerUITests.swift in Sources */ = {isa = PBXBuildFile; fileRef = 852DA2A629526716000DBB7A /* Cupcake_CornerUITests.swift */; };
		852DA2A929526716000DBB7A /* Cupcake_CornerUITestsLaunchTests.swift in Sources */ = {isa = PBXBuildFile; fileRef = 852DA2A829526716000DBB7A /* Cupcake_CornerUITestsLaunchTests.swift */; };
		852DA2B729526745000DBB7A /* Adressview.swift in Sources */ = {isa = PBXBuildFile; fileRef = 852DA2B629526745000DBB7A /* Adressview.swift */; };
		852DA2B929526769000DBB7A /* CheckoutView.swift in Sources */ = {isa = PBXBuildFile; fileRef = 852DA2B829526769000DBB7A /* CheckoutView.swift */; };
		852DA2BB29526782000DBB7A /* Order.swift in Sources */ = {isa = PBXBuildFile; fileRef = 852DA2BA29526782000DBB7A /* Order.swift */; };
/* End PBXBuildFile section */

/* Begin PBXContainerItemProxy section */
		852DA29929526716000DBB7A /* PBXContainerItemProxy */ = {
			isa = PBXContainerItemProxy;
			containerPortal = 852DA27F29526714000DBB7A /* Project object */;
			proxyType = 1;
			remoteGlobalIDString = 852DA28629526714000DBB7A;
			remoteInfo = "Cupcake Corner";
		};
		852DA2A329526716000DBB7A /* PBXContainerItemProxy */ = {
			isa = PBXContainerItemProxy;
			containerPortal = 852DA27F29526714000DBB7A /* Project object */;
			proxyType = 1;
			remoteGlobalIDString = 852DA28629526714000DBB7A;
			remoteInfo = "Cupcake Corner";
		};
/* End PBXContainerItemProxy section */

/* Begin PBXFileReference section */
		852DA28729526714000DBB7A /* Cupcake Corner.app */ = {isa = PBXFileReference; explicitFileType = wrapper.application; includeInIndex = 0; path = "Cupcake Corner.app"; sourceTree = BUILT_PRODUCTS_DIR; };
		852DA28A29526714000DBB7A /* Cupcake_CornerApp.swift */ = {isa = PBXFileReference; lastKnownFileType = sourcecode.swift; path = Cupcake_CornerApp.swift; sourceTree = "<group>"; };
		852DA28C29526714000DBB7A /* ContentView.swift */ = {isa = PBXFileReference; lastKnownFileType = sourcecode.swift; path = ContentView.swift; sourceTree = "<group>"; };
		852DA28E29526716000DBB7A /* Assets.xcassets */ = {isa = PBXFileReference; lastKnownFileType = folder.assetcatalog; path = Assets.xcassets; sourceTree = "<group>"; };
		852DA29029526716000DBB7A /* Cupcake_Corner.entitlements */ = {isa = PBXFileReference; lastKnownFileType = text.plist.entitlements; path = Cupcake_Corner.entitlements; sourceTree = "<group>"; };
		852DA29229526716000DBB7A /* Preview Assets.xcassets */ = {isa = PBXFileReference; lastKnownFileType = folder.assetcatalog; path = "Preview Assets.xcassets"; sourceTree = "<group>"; };
		852DA29829526716000DBB7A /* Cupcake CornerTests.xctest */ = {isa = PBXFileReference; explicitFileType = wrapper.cfbundle; includeInIndex = 0; path = "Cupcake CornerTests.xctest"; sourceTree = BUILT_PRODUCTS_DIR; };
		852DA29C29526716000DBB7A /* Cupcake_CornerTests.swift */ = {isa = PBXFileReference; lastKnownFileType = sourcecode.swift; path = Cupcake_CornerTests.swift; sourceTree = "<group>"; };
		852DA2A229526716000DBB7A /* Cupcake CornerUITests.xctest */ = {isa = PBXFileReference; explicitFileType = wrapper.cfbundle; includeInIndex = 0; path = "Cupcake CornerUITests.xctest"; sourceTree = BUILT_PRODUCTS_DIR; };
		852DA2A629526716000DBB7A /* Cupcake_CornerUITests.swift */ = {isa = PBXFileReference; lastKnownFileType = sourcecode.swift; path = Cupcake_CornerUITests.swift; sourceTree = "<group>"; };
		852DA2A829526716000DBB7A /* Cupcake_CornerUITestsLaunchTests.swift */ = {isa = PBXFileReference; lastKnownFileType = sourcecode.swift; path = Cupcake_CornerUITestsLaunchTests.swift; sourceTree = "<group>"; };
		852DA2B629526745000DBB7A /* Adressview.swift */ = {isa = PBXFileReference; lastKnownFileType = sourcecode.swift; path = Adressview.swift; sourceTree = "<group>"; };
		852DA2B829526769000DBB7A /* CheckoutView.swift */ = {isa = PBXFileReference; lastKnownFileType = sourcecode.swift; path = CheckoutView.swift; sourceTree = "<group>"; };
		852DA2BA29526782000DBB7A /* Order.swift */ = {isa = PBXFileReference; lastKnownFileType = sourcecode.swift; path = Order.swift; sourceTree = "<group>"; };
/* End PBXFileReference section */

/* Begin PBXFrameworksBuildPhase section */
		852DA28429526714000DBB7A /* Frameworks */ = {
			isa = PBXFrameworksBuildPhase;
			buildActionMask = 2147483647;
			files = (
			);
			runOnlyForDeploymentPostprocessing = 0;
		};
		852DA29529526716000DBB7A /* Frameworks */ = {
			isa = PBXFrameworksBuildPhase;
			buildActionMask = 2147483647;
			files = (
			);
			runOnlyForDeploymentPostprocessing = 0;
		};
		852DA29F29526716000DBB7A /* Frameworks */ = {
			isa = PBXFrameworksBuildPhase;
			buildActionMask = 2147483647;
			files = (
			);
			runOnlyForDeploymentPostprocessing = 0;
		};
/* End PBXFrameworksBuildPhase section */

/* Begin PBXGroup section */
		852DA27E29526714000DBB7A = {
			isa = PBXGroup;
			children = (
				852DA28929526714000DBB7A /* Cupcake Corner */,
				852DA29B29526716000DBB7A /* Cupcake CornerTests */,
				852DA2A529526716000DBB7A /* Cupcake CornerUITests */,
				852DA28829526714000DBB7A /* Products */,
			);
			sourceTree = "<group>";
		};
		852DA28829526714000DBB7A /* Products */ = {
			isa = PBXGroup;
			children = (
				852DA28729526714000DBB7A /* Cupcake Corner.app */,
				852DA29829526716000DBB7A /* Cupcake CornerTests.xctest */,
				852DA2A229526716000DBB7A /* Cupcake CornerUITests.xctest */,
			);
			name = Products;
			sourceTree = "<group>";
		};
		852DA28929526714000DBB7A /* Cupcake Corner */ = {
			isa = PBXGroup;
			children = (
				852DA2B529526730000DBB7A /* Views */,
				852DA28A29526714000DBB7A /* Cupcake_CornerApp.swift */,
				852DA28E29526716000DBB7A /* Assets.xcassets */,
				852DA29029526716000DBB7A /* Cupcake_Corner.entitlements */,
				852DA29129526716000DBB7A /* Preview Content */,
			);
			path = "Cupcake Corner";
			sourceTree = "<group>";
		};
		852DA29129526716000DBB7A /* Preview Content */ = {
			isa = PBXGroup;
			children = (
				852DA29229526716000DBB7A /* Preview Assets.xcassets */,
			);
			path = "Preview Content";
			sourceTree = "<group>";
		};
		852DA29B29526716000DBB7A /* Cupcake CornerTests */ = {
			isa = PBXGroup;
			children = (
				852DA29C29526716000DBB7A /* Cupcake_CornerTests.swift */,
			);
			path = "Cupcake CornerTests";
			sourceTree = "<group>";
		};
		852DA2A529526716000DBB7A /* Cupcake CornerUITests */ = {
			isa = PBXGroup;
			children = (
				852DA2A629526716000DBB7A /* Cupcake_CornerUITests.swift */,
				852DA2A829526716000DBB7A /* Cupcake_CornerUITestsLaunchTests.swift */,
			);
			path = "Cupcake CornerUITests";
			sourceTree = "<group>";
		};
		852DA2B529526730000DBB7A /* Views */ = {
			isa = PBXGroup;
			children = (
				852DA28C29526714000DBB7A /* ContentView.swift */,
				852DA2B629526745000DBB7A /* Adressview.swift */,
				852DA2B829526769000DBB7A /* CheckoutView.swift */,
				852DA2BA29526782000DBB7A /* Order.swift */,
			);
			path = Views;
			sourceTree = "<group>";
		};
/* End PBXGroup section */

/* Begin PBXNativeTarget section */
		852DA28629526714000DBB7A /* Cupcake Corner */ = {
			isa = PBXNativeTarget;
			buildConfigurationList = 852DA2AC29526716000DBB7A /* Build configuration list for PBXNativeTarget "Cupcake Corner" */;
			buildPhases = (
				852DA28329526714000DBB7A /* Sources */,
				852DA28429526714000DBB7A /* Frameworks */,
				852DA28529526714000DBB7A /* Resources */,
			);
			buildRules = (
			);
			dependencies = (
			);
			name = "Cupcake Corner";
			productName = "Cupcake Corner";
			productReference = 852DA28729526714000DBB7A /* Cupcake Corner.app */;
			productType = "com.apple.product-type.application";
		};
		852DA29729526716000DBB7A /* Cupcake CornerTests */ = {
			isa = PBXNativeTarget;
			buildConfigurationList = 852DA2AF29526716000DBB7A /* Build configuration list for PBXNativeTarget "Cupcake CornerTests" */;
			buildPhases = (
				852DA29429526716000DBB7A /* Sources */,
				852DA29529526716000DBB7A /* Frameworks */,
				852DA29629526716000DBB7A /* Resources */,
			);
			buildRules = (
			);
			dependencies = (
				852DA29A29526716000DBB7A /* PBXTargetDependency */,
			);
			name = "Cupcake CornerTests";
			productName = "Cupcake CornerTests";
			productReference = 852DA29829526716000DBB7A /* Cupcake CornerTests.xctest */;
			productType = "com.apple.product-type.bundle.unit-test";
		};
		852DA2A129526716000DBB7A /* Cupcake CornerUITests */ = {
			isa = PBXNativeTarget;
			buildConfigurationList = 852DA2B229526716000DBB7A /* Build configuration list for PBXNativeTarget "Cupcake CornerUITests" */;
			buildPhases = (
				852DA29E29526716000DBB7A /* Sources */,
				852DA29F29526716000DBB7A /* Frameworks */,
				852DA2A029526716000DBB7A /* Resources */,
			);
			buildRules = (
			);
			dependencies = (
				852DA2A429526716000DBB7A /* PBXTargetDependency */,
			);
			name = "Cupcake CornerUITests";
			productName = "Cupcake CornerUITests";
			productReference = 852DA2A229526716000DBB7A /* Cupcake CornerUITests.xctest */;
			productType = "com.apple.product-type.bundle.ui-testing";
		};
/* End PBXNativeTarget section */

/* Begin PBXProject section */
		852DA27F29526714000DBB7A /* Project object */ = {
			isa = PBXProject;
			attributes = {
				BuildIndependentTargetsInParallel = 1;
				LastSwiftUpdateCheck = 1420;
				LastUpgradeCheck = 1420;
				TargetAttributes = {
					852DA28629526714000DBB7A = {
						CreatedOnToolsVersion = 14.2;
					};
					852DA29729526716000DBB7A = {
						CreatedOnToolsVersion = 14.2;
						TestTargetID = 852DA28629526714000DBB7A;
					};
					852DA2A129526716000DBB7A = {
						CreatedOnToolsVersion = 14.2;
						TestTargetID = 852DA28629526714000DBB7A;
					};
				};
			};
			buildConfigurationList = 852DA28229526714000DBB7A /* Build configuration list for PBXProject "Cupcake Corner" */;
			compatibilityVersion = "Xcode 14.0";
			developmentRegion = en;
			hasScannedForEncodings = 0;
			knownRegions = (
				en,
				Base,
			);
			mainGroup = 852DA27E29526714000DBB7A;
			productRefGroup = 852DA28829526714000DBB7A /* Products */;
			projectDirPath = "";
			projectRoot = "";
			targets = (
				852DA28629526714000DBB7A /* Cupcake Corner */,
				852DA29729526716000DBB7A /* Cupcake CornerTests */,
				852DA2A129526716000DBB7A /* Cupcake CornerUITests */,
			);
		};
/* End PBXProject section */

/* Begin PBXResourcesBuildPhase section */
		852DA28529526714000DBB7A /* Resources */ = {
			isa = PBXResourcesBuildPhase;
			buildActionMask = 2147483647;
			files = (
				852DA29329526716000DBB7A /* Preview Assets.xcassets in Resources */,
				852DA28F29526716000DBB7A /* Assets.xcassets in Resources */,
			);
			runOnlyForDeploymentPostprocessing = 0;
		};
		852DA29629526716000DBB7A /* Resources */ = {
			isa = PBXResourcesBuildPhase;
			buildActionMask = 2147483647;
			files = (
			);
			runOnlyForDeploymentPostprocessing = 0;
		};
		852DA2A029526716000DBB7A /* Resources */ = {
			isa = PBXResourcesBuildPhase;
			buildActionMask = 2147483647;
			files = (
			);
			runOnlyForDeploymentPostprocessing = 0;
		};
/* End PBXResourcesBuildPhase section */

/* Begin PBXSourcesBuildPhase section */
		852DA28329526714000DBB7A /* Sources */ = {
			isa = PBXSourcesBuildPhase;
			buildActionMask = 2147483647;
			files = (
				852DA28D29526714000DBB7A /* ContentView.swift in Sources */,
				852DA28B29526714000DBB7A /* Cupcake_CornerApp.swift in Sources */,
				852DA2BB29526782000DBB7A /* Order.swift in Sources */,
				852DA2B929526769000DBB7A /* CheckoutView.swift in Sources */,
				852DA2B729526745000DBB7A /* Adressview.swift in Sources */,
			);
			runOnlyForDeploymentPostprocessing = 0;
		};
		852DA29429526716000DBB7A /* Sources */ = {
			isa = PBXSourcesBuildPhase;
			buildActionMask = 2147483647;
			files = (
				852DA29D29526716000DBB7A /* Cupcake_CornerTests.swift in Sources */,
			);
			runOnlyForDeploymentPostprocessing = 0;
		};
		852DA29E29526716000DBB7A /* Sources */ = {
			isa = PBXSourcesBuildPhase;
			buildActionMask = 2147483647;
			files = (
				852DA2A929526716000DBB7A /* Cupcake_CornerUITestsLaunchTests.swift in Sources */,
				852DA2A729526716000DBB7A /* Cupcake_CornerUITests.swift in Sources */,
			);
			runOnlyForDeploymentPostprocessing = 0;
		};
/* End PBXSourcesBuildPhase section */

/* Begin PBXTargetDependency section */
		852DA29A29526716000DBB7A /* PBXTargetDependency */ = {
			isa = PBXTargetDependency;
			target = 852DA28629526714000DBB7A /* Cupcake Corner */;
			targetProxy = 852DA29929526716000DBB7A /* PBXContainerItemProxy */;
		};
		852DA2A429526716000DBB7A /* PBXTargetDependency */ = {
			isa = PBXTargetDependency;
			target = 852DA28629526714000DBB7A /* Cupcake Corner */;
			targetProxy = 852DA2A329526716000DBB7A /* PBXContainerItemProxy */;
		};
/* End PBXTargetDependency section */

/* Begin XCBuildConfiguration section */
		852DA2AA29526716000DBB7A /* Debug */ = {
			isa = XCBuildConfiguration;
			buildSettings = {
				ALWAYS_SEARCH_USER_PATHS = NO;
				CLANG_ANALYZER_NONNULL = YES;
				CLANG_ANALYZER_NUMBER_OBJECT_CONVERSION = YES_AGGRESSIVE;
				CLANG_CXX_LANGUAGE_STANDARD = "gnu++20";
				CLANG_ENABLE_MODULES = YES;
				CLANG_ENABLE_OBJC_ARC = YES;
				CLANG_ENABLE_OBJC_WEAK = YES;
				CLANG_WARN_BLOCK_CAPTURE_AUTORELEASING = YES;
				CLANG_WARN_BOOL_CONVERSION = YES;
				CLANG_WARN_COMMA = YES;
				CLANG_WARN_CONSTANT_CONVERSION = YES;
				CLANG_WARN_DEPRECATED_OBJC_IMPLEMENTATIONS = YES;
				CLANG_WARN_DIRECT_OBJC_ISA_USAGE = YES_ERROR;
				CLANG_WARN_DOCUMENTATION_COMMENTS = YES;
				CLANG_WARN_EMPTY_BODY = YES;
				CLANG_WARN_ENUM_CONVERSION = YES;
				CLANG_WARN_INFINITE_RECURSION = YES;
				CLANG_WARN_INT_CONVERSION = YES;
				CLANG_WARN_NON_LITERAL_NULL_CONVERSION = YES;
				CLANG_WARN_OBJC_IMPLICIT_RETAIN_SELF = YES;
				CLANG_WARN_OBJC_LITERAL_CONVERSION = YES;
				CLANG_WARN_OBJC_ROOT_CLASS = YES_ERROR;
				CLANG_WARN_QUOTED_INCLUDE_IN_FRAMEWORK_HEADER = YES;
				CLANG_WARN_RANGE_LOOP_ANALYSIS = YES;
				CLANG_WARN_STRICT_PROTOTYPES = YES;
				CLANG_WARN_SUSPICIOUS_MOVE = YES;
				CLANG_WARN_UNGUARDED_AVAILABILITY = YES_AGGRESSIVE;
				CLANG_WARN_UNREACHABLE_CODE = YES;
				CLANG_WARN__DUPLICATE_METHOD_MATCH = YES;
				COPY_PHASE_STRIP = NO;
				DEBUG_INFORMATION_FORMAT = dwarf;
				ENABLE_STRICT_OBJC_MSGSEND = YES;
				ENABLE_TESTABILITY = YES;
				GCC_C_LANGUAGE_STANDARD = gnu11;
				GCC_DYNAMIC_NO_PIC = NO;
				GCC_NO_COMMON_BLOCKS = YES;
				GCC_OPTIMIZATION_LEVEL = 0;
				GCC_PREPROCESSOR_DEFINITIONS = (
					"DEBUG=1",
					"$(inherited)",
				);
				GCC_WARN_64_TO_32_BIT_CONVERSION = YES;
				GCC_WARN_ABOUT_RETURN_TYPE = YES_ERROR;
				GCC_WARN_UNDECLARED_SELECTOR = YES;
				GCC_WARN_UNINITIALIZED_AUTOS = YES_AGGRESSIVE;
				GCC_WARN_UNUSED_FUNCTION = YES;
				GCC_WARN_UNUSED_VARIABLE = YES;
				MTL_ENABLE_DEBUG_INFO = INCLUDE_SOURCE;
				MTL_FAST_MATH = YES;
				ONLY_ACTIVE_ARCH = YES;
				SWIFT_ACTIVE_COMPILATION_CONDITIONS = DEBUG;
				SWIFT_OPTIMIZATION_LEVEL = "-Onone";
			};
			name = Debug;
		};
		852DA2AB29526716000DBB7A /* Release */ = {
			isa = XCBuildConfiguration;
			buildSettings = {
				ALWAYS_SEARCH_USER_PATHS = NO;
				CLANG_ANALYZER_NONNULL = YES;
				CLANG_ANALYZER_NUMBER_OBJECT_CONVERSION = YES_AGGRESSIVE;
				CLANG_CXX_LANGUAGE_STANDARD = "gnu++20";
				CLANG_ENABLE_MODULES = YES;
				CLANG_ENABLE_OBJC_ARC = YES;
				CLANG_ENABLE_OBJC_WEAK = YES;
				CLANG_WARN_BLOCK_CAPTURE_AUTORELEASING = YES;
				CLANG_WARN_BOOL_CONVERSION = YES;
				CLANG_WARN_COMMA = YES;
				CLANG_WARN_CONSTANT_CONVERSION = YES;
				CLANG_WARN_DEPRECATED_OBJC_IMPLEMENTATIONS = YES;
				CLANG_WARN_DIRECT_OBJC_ISA_USAGE = YES_ERROR;
				CLANG_WARN_DOCUMENTATION_COMMENTS = YES;
				CLANG_WARN_EMPTY_BODY = YES;
				CLANG_WARN_ENUM_CONVERSION = YES;
				CLANG_WARN_INFINITE_RECURSION = YES;
				CLANG_WARN_INT_CONVERSION = YES;
				CLANG_WARN_NON_LITERAL_NULL_CONVERSION = YES;
				CLANG_WARN_OBJC_IMPLICIT_RETAIN_SELF = YES;
				CLANG_WARN_OBJC_LITERAL_CONVERSION = YES;
				CLANG_WARN_OBJC_ROOT_CLASS = YES_ERROR;
				CLANG_WARN_QUOTED_INCLUDE_IN_FRAMEWORK_HEADER = YES;
				CLANG_WARN_RANGE_LOOP_ANALYSIS = YES;
				CLANG_WARN_STRICT_PROTOTYPES = YES;
				CLANG_WARN_SUSPICIOUS_MOVE = YES;
				CLANG_WARN_UNGUARDED_AVAILABILITY = YES_AGGRESSIVE;
				CLANG_WARN_UNREACHABLE_CODE = YES;
				CLANG_WARN__DUPLICATE_METHOD_MATCH = YES;
				COPY_PHASE_STRIP = NO;
				DEBUG_INFORMATION_FORMAT = "dwarf-with-dsym";
				ENABLE_NS_ASSERTIONS = NO;
				ENABLE_STRICT_OBJC_MSGSEND = YES;
				GCC_C_LANGUAGE_STANDARD = gnu11;
				GCC_NO_COMMON_BLOCKS = YES;
				GCC_WARN_64_TO_32_BIT_CONVERSION = YES;
				GCC_WARN_ABOUT_RETURN_TYPE = YES_ERROR;
				GCC_WARN_UNDECLARED_SELECTOR = YES;
				GCC_WARN_UNINITIALIZED_AUTOS = YES_AGGRESSIVE;
				GCC_WARN_UNUSED_FUNCTION = YES;
				GCC_WARN_UNUSED_VARIABLE = YES;
				MTL_ENABLE_DEBUG_INFO = NO;
				MTL_FAST_MATH = YES;
				SWIFT_COMPILATION_MODE = wholemodule;
				SWIFT_OPTIMIZATION_LEVEL = "-O";
			};
			name = Release;
		};
		852DA2AD29526716000DBB7A /* Debug */ = {
			isa = XCBuildConfiguration;
			buildSettings = {
				ASSETCATALOG_COMPILER_APPICON_NAME = AppIcon;
				ASSETCATALOG_COMPILER_GLOBAL_ACCENT_COLOR_NAME = AccentColor;
				CODE_SIGN_ENTITLEMENTS = "Cupcake Corner/Cupcake_Corner.entitlements";
				CODE_SIGN_STYLE = Automatic;
				CURRENT_PROJECT_VERSION = 1;
				DEVELOPMENT_ASSET_PATHS = "\"Cupcake Corner/Preview Content\"";
				ENABLE_PREVIEWS = YES;
				GENERATE_INFOPLIST_FILE = YES;
				"INFOPLIST_KEY_UIApplicationSceneManifest_Generation[sdk=iphoneos*]" = YES;
				"INFOPLIST_KEY_UIApplicationSceneManifest_Generation[sdk=iphonesimulator*]" = YES;
				"INFOPLIST_KEY_UIApplicationSupportsIndirectInputEvents[sdk=iphoneos*]" = YES;
				"INFOPLIST_KEY_UIApplicationSupportsIndirectInputEvents[sdk=iphonesimulator*]" = YES;
				"INFOPLIST_KEY_UILaunchScreen_Generation[sdk=iphoneos*]" = YES;
				"INFOPLIST_KEY_UILaunchScreen_Generation[sdk=iphonesimulator*]" = YES;
				"INFOPLIST_KEY_UIStatusBarStyle[sdk=iphoneos*]" = UIStatusBarStyleDefault;
				"INFOPLIST_KEY_UIStatusBarStyle[sdk=iphonesimulator*]" = UIStatusBarStyleDefault;
				INFOPLIST_KEY_UISupportedInterfaceOrientations_iPad = "UIInterfaceOrientationPortrait UIInterfaceOrientationPortraitUpsideDown UIInterfaceOrientationLandscapeLeft UIInterfaceOrientationLandscapeRight";
				INFOPLIST_KEY_UISupportedInterfaceOrientations_iPhone = "UIInterfaceOrientationPortrait UIInterfaceOrientationLandscapeLeft UIInterfaceOrientationLandscapeRight";
				IPHONEOS_DEPLOYMENT_TARGET = 16.2;
				LD_RUNPATH_SEARCH_PATHS = "@executable_path/Frameworks";
				"LD_RUNPATH_SEARCH_PATHS[sdk=macosx*]" = "@executable_path/../Frameworks";
				MACOSX_DEPLOYMENT_TARGET = 13.1;
				MARKETING_VERSION = 1.0;
				PRODUCT_BUNDLE_IDENTIFIER = "orlandomoraesmartins.Cupcake-Corner";
				PRODUCT_NAME = "$(TARGET_NAME)";
				SDKROOT = auto;
				SUPPORTED_PLATFORMS = "iphoneos iphonesimulator macosx";
				SWIFT_EMIT_LOC_STRINGS = YES;
				SWIFT_VERSION = 5.0;
				TARGETED_DEVICE_FAMILY = "1,2";
			};
			name = Debug;
		};
		852DA2AE29526716000DBB7A /* Release */ = {
			isa = XCBuildConfiguration;
			buildSettings = {
				ASSETCATALOG_COMPILER_APPICON_NAME = AppIcon;
				ASSETCATALOG_COMPILER_GLOBAL_ACCENT_COLOR_NAME = AccentColor;
				CODE_SIGN_ENTITLEMENTS = "Cupcake Corner/Cupcake_Corner.entitlements";
				CODE_SIGN_STYLE = Automatic;
				CURRENT_PROJECT_VERSION = 1;
				DEVELOPMENT_ASSET_PATHS = "\"Cupcake Corner/Preview Content\"";
				ENABLE_PREVIEWS = YES;
				GENERATE_INFOPLIST_FILE = YES;
				"INFOPLIST_KEY_UIApplicationSceneManifest_Generation[sdk=iphoneos*]" = YES;
				"INFOPLIST_KEY_UIApplicationSceneManifest_Generation[sdk=iphonesimulator*]" = YES;
				"INFOPLIST_KEY_UIApplicationSupportsIndirectInputEvents[sdk=iphoneos*]" = YES;
				"INFOPLIST_KEY_UIApplicationSupportsIndirectInputEvents[sdk=iphonesimulator*]" = YES;
				"INFOPLIST_KEY_UILaunchScreen_Generation[sdk=iphoneos*]" = YES;
				"INFOPLIST_KEY_UILaunchScreen_Generation[sdk=iphonesimulator*]" = YES;
				"INFOPLIST_KEY_UIStatusBarStyle[sdk=iphoneos*]" = UIStatusBarStyleDefault;
				"INFOPLIST_KEY_UIStatusBarStyle[sdk=iphonesimulator*]" = UIStatusBarStyleDefault;
				INFOPLIST_KEY_UISupportedInterfaceOrientations_iPad = "UIInterfaceOrientationPortrait UIInterfaceOrientationPortraitUpsideDown UIInterfaceOrientationLandscapeLeft UIInterfaceOrientationLandscapeRight";
				INFOPLIST_KEY_UISupportedInterfaceOrientations_iPhone = "UIInterfaceOrientationPortrait UIInterfaceOrientationLandscapeLeft UIInterfaceOrientationLandscapeRight";
				IPHONEOS_DEPLOYMENT_TARGET = 16.2;
				LD_RUNPATH_SEARCH_PATHS = "@executable_path/Frameworks";
				"LD_RUNPATH_SEARCH_PATHS[sdk=macosx*]" = "@executable_path/../Frameworks";
				MACOSX_DEPLOYMENT_TARGET = 13.1;
				MARKETING_VERSION = 1.0;
				PRODUCT_BUNDLE_IDENTIFIER = "orlandomoraesmartins.Cupcake-Corner";
				PRODUCT_NAME = "$(TARGET_NAME)";
				SDKROOT = auto;
				SUPPORTED_PLATFORMS = "iphoneos iphonesimulator macosx";
				SWIFT_EMIT_LOC_STRINGS = YES;
				SWIFT_VERSION = 5.0;
				TARGETED_DEVICE_FAMILY = "1,2";
			};
			name = Release;
		};
		852DA2B029526716000DBB7A /* Debug */ = {
			isa = XCBuildConfiguration;
			buildSettings = {
				ALWAYS_EMBED_SWIFT_STANDARD_LIBRARIES = YES;
				BUNDLE_LOADER = "$(TEST_HOST)";
				CODE_SIGN_STYLE = Automatic;
				CURRENT_PROJECT_VERSION = 1;
				GENERATE_INFOPLIST_FILE = YES;
				IPHONEOS_DEPLOYMENT_TARGET = 16.2;
				MACOSX_DEPLOYMENT_TARGET = 13.1;
				MARKETING_VERSION = 1.0;
				PRODUCT_BUNDLE_IDENTIFIER = "orlandomoraesmartins.Cupcake-CornerTests";
				PRODUCT_NAME = "$(TARGET_NAME)";
				SDKROOT = auto;
				SUPPORTED_PLATFORMS = "iphoneos iphonesimulator macosx";
				SWIFT_EMIT_LOC_STRINGS = NO;
				SWIFT_VERSION = 5.0;
				TARGETED_DEVICE_FAMILY = "1,2";
				TEST_HOST = "$(BUILT_PRODUCTS_DIR)/Cupcake Corner.app/$(BUNDLE_EXECUTABLE_FOLDER_PATH)/Cupcake Corner";
			};
			name = Debug;
		};
		852DA2B129526716000DBB7A /* Release */ = {
			isa = XCBuildConfiguration;
			buildSettings = {
				ALWAYS_EMBED_SWIFT_STANDARD_LIBRARIES = YES;
				BUNDLE_LOADER = "$(TEST_HOST)";
				CODE_SIGN_STYLE = Automatic;
				CURRENT_PROJECT_VERSION = 1;
				GENERATE_INFOPLIST_FILE = YES;
				IPHONEOS_DEPLOYMENT_TARGET = 16.2;
				MACOSX_DEPLOYMENT_TARGET = 13.1;
				MARKETING_VERSION = 1.0;
				PRODUCT_BUNDLE_IDENTIFIER = "orlandomoraesmartins.Cupcake-CornerTests";
				PRODUCT_NAME = "$(TARGET_NAME)";
				SDKROOT = auto;
				SUPPORTED_PLATFORMS = "iphoneos iphonesimulator macosx";
				SWIFT_EMIT_LOC_STRINGS = NO;
				SWIFT_VERSION = 5.0;
				TARGETED_DEVICE_FAMILY = "1,2";
				TEST_HOST = "$(BUILT_PRODUCTS_DIR)/Cupcake Corner.app/$(BUNDLE_EXECUTABLE_FOLDER_PATH)/Cupcake Corner";
			};
			name = Release;
		};
		852DA2B329526716000DBB7A /* Debug */ = {
			isa = XCBuildConfiguration;
			buildSettings = {
				ALWAYS_EMBED_SWIFT_STANDARD_LIBRARIES = YES;
				CODE_SIGN_STYLE = Automatic;
				CURRENT_PROJECT_VERSION = 1;
				GENERATE_INFOPLIST_FILE = YES;
				IPHONEOS_DEPLOYMENT_TARGET = 16.2;
				MACOSX_DEPLOYMENT_TARGET = 13.1;
				MARKETING_VERSION = 1.0;
				PRODUCT_BUNDLE_IDENTIFIER = "orlandomoraesmartins.Cupcake-CornerUITests";
				PRODUCT_NAME = "$(TARGET_NAME)";
				SDKROOT = auto;
				SUPPORTED_PLATFORMS = "iphoneos iphonesimulator macosx";
				SWIFT_EMIT_LOC_STRINGS = NO;
				SWIFT_VERSION = 5.0;
				TARGETED_DEVICE_FAMILY = "1,2";
				TEST_TARGET_NAME = "Cupcake Corner";
			};
			name = Debug;
		};
		852DA2B429526716000DBB7A /* Release */ = {
			isa = XCBuildConfiguration;
			buildSettings = {
				ALWAYS_EMBED_SWIFT_STANDARD_LIBRARIES = YES;
				CODE_SIGN_STYLE = Automatic;
				CURRENT_PROJECT_VERSION = 1;
				GENERATE_INFOPLIST_FILE = YES;
				IPHONEOS_DEPLOYMENT_TARGET = 16.2;
				MACOSX_DEPLOYMENT_TARGET = 13.1;
				MARKETING_VERSION = 1.0;
				PRODUCT_BUNDLE_IDENTIFIER = "orlandomoraesmartins.Cupcake-CornerUITests";
				PRODUCT_NAME = "$(TARGET_NAME)";
				SDKROOT = auto;
				SUPPORTED_PLATFORMS = "iphoneos iphonesimulator macosx";
				SWIFT_EMIT_LOC_STRINGS = NO;
				SWIFT_VERSION = 5.0;
				TARGETED_DEVICE_FAMILY = "1,2";
				TEST_TARGET_NAME = "Cupcake Corner";
			};
			name = Release;
		};
/* End XCBuildConfiguration section */

/* Begin XCConfigurationList section */
		852DA28229526714000DBB7A /* Build configuration list for PBXProject "Cupcake Corner" */ = {
			isa = XCConfigurationList;
			buildConfigurations = (
				852DA2AA29526716000DBB7A /* Debug */,
				852DA2AB29526716000DBB7A /* Release */,
			);
			defaultConfigurationIsVisible = 0;
			defaultConfigurationName = Release;
		};
		852DA2AC29526716000DBB7A /* Build configuration list for PBXNativeTarget "Cupcake Corner" */ = {
			isa = XCConfigurationList;
			buildConfigurations = (
				852DA2AD29526716000DBB7A /* Debug */,
				852DA2AE29526716000DBB7A /* Release */,
			);
			defaultConfigurationIsVisible = 0;
			defaultConfigurationName = Release;
		};
		852DA2AF29526716000DBB7A /* Build configuration list for PBXNativeTarget "Cupcake CornerTests" */ = {
			isa = XCConfigurationList;
			buildConfigurations = (
				852DA2B029526716000DBB7A /* Debug */,
				852DA2B129526716000DBB7A /* Release */,
			);
			defaultConfigurationIsVisible = 0;
			defaultConfigurationName = Release;
		};
		852DA2B229526716000DBB7A /* Build configuration list for PBXNativeTarget "Cupcake CornerUITests" */ = {
			isa = XCConfigurationList;
			buildConfigurations = (
				852DA2B329526716000DBB7A /* Debug */,
				852DA2B429526716000DBB7A /* Release */,
			);
			defaultConfigurationIsVisible = 0;
			defaultConfigurationName = Release;
		};
/* End XCConfigurationList section */
	};
	rootObject = 852DA27F29526714000DBB7A /* Project object */;
}
